
Microsoft Visual Studio Solution File, Format Version 12.00
# Visual Studio Version 16
VisualStudioVersion = 16.0.30907.101
MinimumVisualStudioVersion = 10.0.40219.1
Project("{FAE04EC0-301F-11D3-BF4B-00C04F79EFBC}") = "CourseAllocationSystem", "CourseAllocationSystem\CourseAllocationSystem.csproj", "{3C91DA4B-5FE5-4567-8323-CD2D7AD8FD59}"
EndProject
Global
	GlobalSection(SolutionConfigurationPlatforms) = preSolution
		Debug|Any CPU = Debug|Any CPU
		Release|Any CPU = Release|Any CPU
	EndGlobalSection
	GlobalSection(ProjectConfigurationPlatforms) = postSolution
		{3C91DA4B-5FE5-4567-8323-CD2D7AD8FD59}.Debug|Any CPU.ActiveCfg = Debug|Any CPU
		{3C91DA4B-5FE5-4567-8323-CD2D7AD8FD59}.Debug|Any CPU.Build.0 = Debug|Any CPU
		{3C91DA4B-5FE5-4567-8323-CD2D7AD8FD59}.Release|Any CPU.ActiveCfg = Release|Any CPU
		{3C91DA4B-5FE5-4567-8323-CD2D7AD8FD59}.Release|Any CPU.Build.0 = Release|Any CPU
	EndGlobalSection
	GlobalSection(SolutionProperties) = preSolution
		HideSolutionNode = FALSE
	EndGlobalSection
	GlobalSection(ExtensibilityGlobals) = postSolution
		SolutionGuid = {8AE8293C-F7A3-462B-BE27-97194448599D}
	EndGlobalSection
EndGlobal
