
Microsoft Visual Studio Solution File, Format Version 12.00
# Visual Studio Version 16
VisualStudioVersion = 16.0.30907.101
MinimumVisualStudioVersion = 10.0.40219.1
Project("{FAE04EC0-301F-11D3-BF4B-00C04F79EFBC}") = "CourseAllocationSystemHost", "CourseAllocationSystemHost\CourseAllocationSystemHost.csproj", "{FA9F1FDA-8115-4E9E-A49E-76FA1715440A}"
EndProject
Global
	GlobalSection(SolutionConfigurationPlatforms) = preSolution
		Debug|Any CPU = Debug|Any CPU
		Release|Any CPU = Release|Any CPU
	EndGlobalSection
	GlobalSection(ProjectConfigurationPlatforms) = postSolution
		{FA9F1FDA-8115-4E9E-A49E-76FA1715440A}.Debug|Any CPU.ActiveCfg = Debug|Any CPU
		{FA9F1FDA-8115-4E9E-A49E-76FA1715440A}.Debug|Any CPU.Build.0 = Debug|Any CPU
		{FA9F1FDA-8115-4E9E-A49E-76FA1715440A}.Release|Any CPU.ActiveCfg = Release|Any CPU
		{FA9F1FDA-8115-4E9E-A49E-76FA1715440A}.Release|Any CPU.Build.0 = Release|Any CPU
	EndGlobalSection
	GlobalSection(SolutionProperties) = preSolution
		HideSolutionNode = FALSE
	EndGlobalSection
	GlobalSection(ExtensibilityGlobals) = postSolution
		SolutionGuid = {F287A67C-1385-46DE-B85A-3AEC722A7C2A}
	EndGlobalSection
EndGlobal
